// !$*UTF8*$!
{
	archiveVersion = 1;
	classes = {
	};
	objectVersion = 46;
	objects = {

/* Begin PBXBuildFile section */
		430F9C67BB45E5533A151F06 /* Pods_DraggableImageForm.framework in Frameworks */ = {isa = PBXBuildFile; fileRef = 8AB9F7BD0A9E807BBACC9C34 /* Pods_DraggableImageForm.framework */; };
		DE055BF51E178DBC00914CF5 /* DeviceSize.swift in Sources */ = {isa = PBXBuildFile; fileRef = DE055BF41E178DBC00914CF5 /* DeviceSize.swift */; };
		DE0F466A1DF8599100145416 /* Gallery.storyboard in Resources */ = {isa = PBXBuildFile; fileRef = DE0F46691DF8599100145416 /* Gallery.storyboard */; };
		DE0F466C1DF85A1700145416 /* GalleryController.swift in Sources */ = {isa = PBXBuildFile; fileRef = DE0F466B1DF85A1700145416 /* GalleryController.swift */; };
		DE11B53C1DF1BE5700EE9E75 /* AppDelegate.swift in Sources */ = {isa = PBXBuildFile; fileRef = DE11B53B1DF1BE5700EE9E75 /* AppDelegate.swift */; };
		DE11B53E1DF1BE5700EE9E75 /* ViewController.swift in Sources */ = {isa = PBXBuildFile; fileRef = DE11B53D1DF1BE5700EE9E75 /* ViewController.swift */; };
		DE11B5411DF1BE5700EE9E75 /* Main.storyboard in Resources */ = {isa = PBXBuildFile; fileRef = DE11B53F1DF1BE5700EE9E75 /* Main.storyboard */; };
		DE11B5431DF1BE5700EE9E75 /* Assets.xcassets in Resources */ = {isa = PBXBuildFile; fileRef = DE11B5421DF1BE5700EE9E75 /* Assets.xcassets */; };
		DE11B5461DF1BE5700EE9E75 /* LaunchScreen.storyboard in Resources */ = {isa = PBXBuildFile; fileRef = DE11B5441DF1BE5700EE9E75 /* LaunchScreen.storyboard */; };
		DE11B5511DF1BE5700EE9E75 /* DraggableImageFormTests.swift in Sources */ = {isa = PBXBuildFile; fileRef = DE11B5501DF1BE5700EE9E75 /* DraggableImageFormTests.swift */; };
		DE11B55C1DF1BE5700EE9E75 /* DraggableImageFormUITests.swift in Sources */ = {isa = PBXBuildFile; fileRef = DE11B55B1DF1BE5700EE9E75 /* DraggableImageFormUITests.swift */; };
		DE1E5E7E1E0FFAEC0049E6D7 /* CalendarView.swift in Sources */ = {isa = PBXBuildFile; fileRef = DE1E5E7D1E0FFAEC0049E6D7 /* CalendarView.swift */; };
		DE291DE11E16E31F008BFB30 /* TargetRecipeCell.swift in Sources */ = {isa = PBXBuildFile; fileRef = DE291DDF1E16E31F008BFB30 /* TargetRecipeCell.swift */; };
		DE291DE21E16E31F008BFB30 /* TargetRecipeCell.xib in Resources */ = {isa = PBXBuildFile; fileRef = DE291DE01E16E31F008BFB30 /* TargetRecipeCell.xib */; };
		DE291DE41E16FA49008BFB30 /* WebColoerLists.swift in Sources */ = {isa = PBXBuildFile; fileRef = DE291DE31E16FA49008BFB30 /* WebColoerLists.swift */; };
		DE291DE61E16FCF3008BFB30 /* ColorConverter.swift in Sources */ = {isa = PBXBuildFile; fileRef = DE291DE51E16FCF3008BFB30 /* ColorConverter.swift */; };
		DE291DE81E1702EC008BFB30 /* DateConverter.swift in Sources */ = {isa = PBXBuildFile; fileRef = DE291DE71E1702EC008BFB30 /* DateConverter.swift */; };
		DE2CD32E1E1978A70098B06C /* ArchiveCell.swift in Sources */ = {isa = PBXBuildFile; fileRef = DE2CD32C1E1978A70098B06C /* ArchiveCell.swift */; };
		DE2CD32F1E1978A70098B06C /* ArchiveCell.xib in Resources */ = {isa = PBXBuildFile; fileRef = DE2CD32D1E1978A70098B06C /* ArchiveCell.xib */; };
		DE30839C1E1165B800F595F8 /* Archive.swift in Sources */ = {isa = PBXBuildFile; fileRef = DE30839B1E1165B800F595F8 /* Archive.swift */; };
		DE30839E1E1165D500F595F8 /* Recipe.swift in Sources */ = {isa = PBXBuildFile; fileRef = DE30839D1E1165D500F595F8 /* Recipe.swift */; };
		DE35AD651E138A4D0032C4B5 /* APIManager.swift in Sources */ = {isa = PBXBuildFile; fileRef = DE35AD641E138A4D0032C4B5 /* APIManager.swift */; };
		DE35F2D81E13F67000117202 /* CategoryList.swift in Sources */ = {isa = PBXBuildFile; fileRef = DE35F2D71E13F67000117202 /* CategoryList.swift */; };
		DE764FBB1E168D4B0092E612 /* Add.storyboard in Resources */ = {isa = PBXBuildFile; fileRef = DE764FBA1E168D4B0092E612 /* Add.storyboard */; };
		DE764FBD1E16BE030092E612 /* AddController.swift in Sources */ = {isa = PBXBuildFile; fileRef = DE764FBC1E16BE030092E612 /* AddController.swift */; };
		DEE21AFD1DF6E34300ED28B5 /* MakeReciptController.swift in Sources */ = {isa = PBXBuildFile; fileRef = DEE21AFC1DF6E34300ED28B5 /* MakeReciptController.swift */; };
		DEE21AFF1DF6E36900ED28B5 /* ArchiveReciptController.swift in Sources */ = {isa = PBXBuildFile; fileRef = DEE21AFE1DF6E36900ED28B5 /* ArchiveReciptController.swift */; };
		DEFF332F1E0ADB6A00D7F0BF /* CalculateCalendarLogic.swift in Sources */ = {isa = PBXBuildFile; fileRef = DEFF332E1E0ADB6A00D7F0BF /* CalculateCalendarLogic.swift */; };
		DEFF33331E0ADDE000D7F0BF /* CommonSetting.swift in Sources */ = {isa = PBXBuildFile; fileRef = DEFF33321E0ADDE000D7F0BF /* CommonSetting.swift */; };
		DEFF33351E0AED1600D7F0BF /* RecipeCell.swift in Sources */ = {isa = PBXBuildFile; fileRef = DEFF33341E0AED1500D7F0BF /* RecipeCell.swift */; };
/* End PBXBuildFile section */

/* Begin PBXContainerItemProxy section */
		DE11B54D1DF1BE5700EE9E75 /* PBXContainerItemProxy */ = {
			isa = PBXContainerItemProxy;
			containerPortal = DE11B5301DF1BE5600EE9E75 /* Project object */;
			proxyType = 1;
			remoteGlobalIDString = DE11B5371DF1BE5700EE9E75;
			remoteInfo = DraggableImageForm;
		};
		DE11B5581DF1BE5700EE9E75 /* PBXContainerItemProxy */ = {
			isa = PBXContainerItemProxy;
			containerPortal = DE11B5301DF1BE5600EE9E75 /* Project object */;
			proxyType = 1;
			remoteGlobalIDString = DE11B5371DF1BE5700EE9E75;
			remoteInfo = DraggableImageForm;
		};
/* End PBXContainerItemProxy section */

/* Begin PBXFileReference section */
		8AB9F7BD0A9E807BBACC9C34 /* Pods_DraggableImageForm.framework */ = {isa = PBXFileReference; explicitFileType = wrapper.framework; includeInIndex = 0; path = Pods_DraggableImageForm.framework; sourceTree = BUILT_PRODUCTS_DIR; };
		8F2DA21F883CF9BF1544E48C /* Pods-DraggableImageForm.debug.xcconfig */ = {isa = PBXFileReference; includeInIndex = 1; lastKnownFileType = text.xcconfig; name = "Pods-DraggableImageForm.debug.xcconfig"; path = "Pods/Target Support Files/Pods-DraggableImageForm/Pods-DraggableImageForm.debug.xcconfig"; sourceTree = "<group>"; };
		920496E9693AD2CD3B94706F /* Pods-DraggableImageForm.release.xcconfig */ = {isa = PBXFileReference; includeInIndex = 1; lastKnownFileType = text.xcconfig; name = "Pods-DraggableImageForm.release.xcconfig"; path = "Pods/Target Support Files/Pods-DraggableImageForm/Pods-DraggableImageForm.release.xcconfig"; sourceTree = "<group>"; };
		DE055BF41E178DBC00914CF5 /* DeviceSize.swift */ = {isa = PBXFileReference; fileEncoding = 4; lastKnownFileType = sourcecode.swift; path = DeviceSize.swift; sourceTree = "<group>"; };
		DE0F46691DF8599100145416 /* Gallery.storyboard */ = {isa = PBXFileReference; fileEncoding = 4; lastKnownFileType = file.storyboard; path = Gallery.storyboard; sourceTree = "<group>"; };
		DE0F466B1DF85A1700145416 /* GalleryController.swift */ = {isa = PBXFileReference; fileEncoding = 4; lastKnownFileType = sourcecode.swift; path = GalleryController.swift; sourceTree = "<group>"; };
		DE11B5381DF1BE5700EE9E75 /* DraggableImageForm.app */ = {isa = PBXFileReference; explicitFileType = wrapper.application; includeInIndex = 0; path = DraggableImageForm.app; sourceTree = BUILT_PRODUCTS_DIR; };
		DE11B53B1DF1BE5700EE9E75 /* AppDelegate.swift */ = {isa = PBXFileReference; lastKnownFileType = sourcecode.swift; path = AppDelegate.swift; sourceTree = "<group>"; };
		DE11B53D1DF1BE5700EE9E75 /* ViewController.swift */ = {isa = PBXFileReference; lastKnownFileType = sourcecode.swift; path = ViewController.swift; sourceTree = "<group>"; };
		DE11B5401DF1BE5700EE9E75 /* Base */ = {isa = PBXFileReference; lastKnownFileType = file.storyboard; name = Base; path = Base.lproj/Main.storyboard; sourceTree = "<group>"; };
		DE11B5421DF1BE5700EE9E75 /* Assets.xcassets */ = {isa = PBXFileReference; lastKnownFileType = folder.assetcatalog; path = Assets.xcassets; sourceTree = "<group>"; };
		DE11B5451DF1BE5700EE9E75 /* Base */ = {isa = PBXFileReference; lastKnownFileType = file.storyboard; name = Base; path = Base.lproj/LaunchScreen.storyboard; sourceTree = "<group>"; };
		DE11B5471DF1BE5700EE9E75 /* Info.plist */ = {isa = PBXFileReference; lastKnownFileType = text.plist.xml; path = Info.plist; sourceTree = "<group>"; };
		DE11B54C1DF1BE5700EE9E75 /* DraggableImageFormTests.xctest */ = {isa = PBXFileReference; explicitFileType = wrapper.cfbundle; includeInIndex = 0; path = DraggableImageFormTests.xctest; sourceTree = BUILT_PRODUCTS_DIR; };
		DE11B5501DF1BE5700EE9E75 /* DraggableImageFormTests.swift */ = {isa = PBXFileReference; lastKnownFileType = sourcecode.swift; path = DraggableImageFormTests.swift; sourceTree = "<group>"; };
		DE11B5521DF1BE5700EE9E75 /* Info.plist */ = {isa = PBXFileReference; lastKnownFileType = text.plist.xml; path = Info.plist; sourceTree = "<group>"; };
		DE11B5571DF1BE5700EE9E75 /* DraggableImageFormUITests.xctest */ = {isa = PBXFileReference; explicitFileType = wrapper.cfbundle; includeInIndex = 0; path = DraggableImageFormUITests.xctest; sourceTree = BUILT_PRODUCTS_DIR; };
		DE11B55B1DF1BE5700EE9E75 /* DraggableImageFormUITests.swift */ = {isa = PBXFileReference; lastKnownFileType = sourcecode.swift; path = DraggableImageFormUITests.swift; sourceTree = "<group>"; };
		DE11B55D1DF1BE5700EE9E75 /* Info.plist */ = {isa = PBXFileReference; lastKnownFileType = text.plist.xml; path = Info.plist; sourceTree = "<group>"; };
		DE1E5E7D1E0FFAEC0049E6D7 /* CalendarView.swift */ = {isa = PBXFileReference; fileEncoding = 4; lastKnownFileType = sourcecode.swift; path = CalendarView.swift; sourceTree = "<group>"; };
		DE291DDF1E16E31F008BFB30 /* TargetRecipeCell.swift */ = {isa = PBXFileReference; fileEncoding = 4; lastKnownFileType = sourcecode.swift; path = TargetRecipeCell.swift; sourceTree = "<group>"; };
		DE291DE01E16E31F008BFB30 /* TargetRecipeCell.xib */ = {isa = PBXFileReference; fileEncoding = 4; lastKnownFileType = file.xib; path = TargetRecipeCell.xib; sourceTree = "<group>"; };
		DE291DE31E16FA49008BFB30 /* WebColoerLists.swift */ = {isa = PBXFileReference; fileEncoding = 4; lastKnownFileType = sourcecode.swift; path = WebColoerLists.swift; sourceTree = "<group>"; };
		DE291DE51E16FCF3008BFB30 /* ColorConverter.swift */ = {isa = PBXFileReference; fileEncoding = 4; lastKnownFileType = sourcecode.swift; path = ColorConverter.swift; sourceTree = "<group>"; };
		DE291DE71E1702EC008BFB30 /* DateConverter.swift */ = {isa = PBXFileReference; fileEncoding = 4; lastKnownFileType = sourcecode.swift; path = DateConverter.swift; sourceTree = "<group>"; };
		DE2CD32C1E1978A70098B06C /* ArchiveCell.swift */ = {isa = PBXFileReference; fileEncoding = 4; lastKnownFileType = sourcecode.swift; path = ArchiveCell.swift; sourceTree = "<group>"; };
		DE2CD32D1E1978A70098B06C /* ArchiveCell.xib */ = {isa = PBXFileReference; fileEncoding = 4; lastKnownFileType = file.xib; path = ArchiveCell.xib; sourceTree = "<group>"; };
		DE30839B1E1165B800F595F8 /* Archive.swift */ = {isa = PBXFileReference; fileEncoding = 4; lastKnownFileType = sourcecode.swift; path = Archive.swift; sourceTree = "<group>"; };
		DE30839D1E1165D500F595F8 /* Recipe.swift */ = {isa = PBXFileReference; fileEncoding = 4; lastKnownFileType = sourcecode.swift; path = Recipe.swift; sourceTree = "<group>"; };
		DE35AD641E138A4D0032C4B5 /* APIManager.swift */ = {isa = PBXFileReference; fileEncoding = 4; lastKnownFileType = sourcecode.swift; path = APIManager.swift; sourceTree = "<group>"; };
		DE35F2D71E13F67000117202 /* CategoryList.swift */ = {isa = PBXFileReference; fileEncoding = 4; lastKnownFileType = sourcecode.swift; path = CategoryList.swift; sourceTree = "<group>"; };
		DE764FBA1E168D4B0092E612 /* Add.storyboard */ = {isa = PBXFileReference; fileEncoding = 4; lastKnownFileType = file.storyboard; path = Add.storyboard; sourceTree = "<group>"; };
		DE764FBC1E16BE030092E612 /* AddController.swift */ = {isa = PBXFileReference; fileEncoding = 4; lastKnownFileType = sourcecode.swift; path = AddController.swift; sourceTree = "<group>"; };
		DEE21AFC1DF6E34300ED28B5 /* MakeReciptController.swift */ = {isa = PBXFileReference; fileEncoding = 4; lastKnownFileType = sourcecode.swift; path = MakeReciptController.swift; sourceTree = "<group>"; };
		DEE21AFE1DF6E36900ED28B5 /* ArchiveReciptController.swift */ = {isa = PBXFileReference; fileEncoding = 4; lastKnownFileType = sourcecode.swift; path = ArchiveReciptController.swift; sourceTree = "<group>"; };
		DEFF332E1E0ADB6A00D7F0BF /* CalculateCalendarLogic.swift */ = {isa = PBXFileReference; fileEncoding = 4; lastKnownFileType = sourcecode.swift; path = CalculateCalendarLogic.swift; sourceTree = "<group>"; };
		DEFF33321E0ADDE000D7F0BF /* CommonSetting.swift */ = {isa = PBXFileReference; fileEncoding = 4; lastKnownFileType = sourcecode.swift; path = CommonSetting.swift; sourceTree = "<group>"; };
		DEFF33341E0AED1500D7F0BF /* RecipeCell.swift */ = {isa = PBXFileReference; fileEncoding = 4; lastKnownFileType = sourcecode.swift; path = RecipeCell.swift; sourceTree = "<group>"; };
/* End PBXFileReference section */

/* Begin PBXFrameworksBuildPhase section */
		DE11B5351DF1BE5700EE9E75 /* Frameworks */ = {
			isa = PBXFrameworksBuildPhase;
			buildActionMask = 2147483647;
			files = (
				430F9C67BB45E5533A151F06 /* Pods_DraggableImageForm.framework in Frameworks */,
			);
			runOnlyForDeploymentPostprocessing = 0;
		};
		DE11B5491DF1BE5700EE9E75 /* Frameworks */ = {
			isa = PBXFrameworksBuildPhase;
			buildActionMask = 2147483647;
			files = (
			);
			runOnlyForDeploymentPostprocessing = 0;
		};
		DE11B5541DF1BE5700EE9E75 /* Frameworks */ = {
			isa = PBXFrameworksBuildPhase;
			buildActionMask = 2147483647;
			files = (
			);
			runOnlyForDeploymentPostprocessing = 0;
		};
/* End PBXFrameworksBuildPhase section */

/* Begin PBXGroup section */
		19A72B2198D2743B9BA75C8C /* Pods */ = {
			isa = PBXGroup;
			children = (
				8F2DA21F883CF9BF1544E48C /* Pods-DraggableImageForm.debug.xcconfig */,
				920496E9693AD2CD3B94706F /* Pods-DraggableImageForm.release.xcconfig */,
			);
			name = Pods;
			sourceTree = "<group>";
		};
		95659896D904DECE9B2F13C6 /* Frameworks */ = {
			isa = PBXGroup;
			children = (
				8AB9F7BD0A9E807BBACC9C34 /* Pods_DraggableImageForm.framework */,
			);
			name = Frameworks;
			sourceTree = "<group>";
		};
		DE11B52F1DF1BE5600EE9E75 = {
			isa = PBXGroup;
			children = (
				DE11B53A1DF1BE5700EE9E75 /* DraggableImageForm */,
				DE11B54F1DF1BE5700EE9E75 /* DraggableImageFormTests */,
				DE11B55A1DF1BE5700EE9E75 /* DraggableImageFormUITests */,
				DE11B5391DF1BE5700EE9E75 /* Products */,
				19A72B2198D2743B9BA75C8C /* Pods */,
				95659896D904DECE9B2F13C6 /* Frameworks */,
			);
			sourceTree = "<group>";
		};
		DE11B5391DF1BE5700EE9E75 /* Products */ = {
			isa = PBXGroup;
			children = (
				DE11B5381DF1BE5700EE9E75 /* DraggableImageForm.app */,
				DE11B54C1DF1BE5700EE9E75 /* DraggableImageFormTests.xctest */,
				DE11B5571DF1BE5700EE9E75 /* DraggableImageFormUITests.xctest */,
			);
			name = Products;
			sourceTree = "<group>";
		};
		DE11B53A1DF1BE5700EE9E75 /* DraggableImageForm */ = {
			isa = PBXGroup;
			children = (
				DE30839A1E11649D00F595F8 /* Realm */,
				DE1E5E7F1E0FFAF20049E6D7 /* Structs */,
				DEFF33301E0ADDA700D7F0BF /* Constants */,
				DEE21B021DF6E7C200ED28B5 /* Libs */,
				DE3D96151DF2CB96002C6965 /* Components */,
				DE3D96141DF2CB7A002C6965 /* Storyboard */,
				DE3D96111DF2C8B1002C6965 /* ViewController */,
				DE3D96101DF2C42F002C6965 /* Classes */,
				DE11B53B1DF1BE5700EE9E75 /* AppDelegate.swift */,
				DE11B5421DF1BE5700EE9E75 /* Assets.xcassets */,
				DE11B5441DF1BE5700EE9E75 /* LaunchScreen.storyboard */,
				DE11B5471DF1BE5700EE9E75 /* Info.plist */,
			);
			path = DraggableImageForm;
			sourceTree = "<group>";
		};
		DE11B54F1DF1BE5700EE9E75 /* DraggableImageFormTests */ = {
			isa = PBXGroup;
			children = (
				DE11B5501DF1BE5700EE9E75 /* DraggableImageFormTests.swift */,
				DE11B5521DF1BE5700EE9E75 /* Info.plist */,
			);
			path = DraggableImageFormTests;
			sourceTree = "<group>";
		};
		DE11B55A1DF1BE5700EE9E75 /* DraggableImageFormUITests */ = {
			isa = PBXGroup;
			children = (
				DE11B55B1DF1BE5700EE9E75 /* DraggableImageFormUITests.swift */,
				DE11B55D1DF1BE5700EE9E75 /* Info.plist */,
			);
			path = DraggableImageFormUITests;
			sourceTree = "<group>";
		};
		DE1E5E7F1E0FFAF20049E6D7 /* Structs */ = {
			isa = PBXGroup;
			children = (
				DE1E5E7D1E0FFAEC0049E6D7 /* CalendarView.swift */,
				DE35AD641E138A4D0032C4B5 /* APIManager.swift */,
				DE35F2D71E13F67000117202 /* CategoryList.swift */,
				DE291DE51E16FCF3008BFB30 /* ColorConverter.swift */,
				DE291DE71E1702EC008BFB30 /* DateConverter.swift */,
				DE055BF41E178DBC00914CF5 /* DeviceSize.swift */,
			);
			name = Structs;
			sourceTree = "<group>";
		};
		DE30839A1E11649D00F595F8 /* Realm */ = {
			isa = PBXGroup;
			children = (
				DE30839B1E1165B800F595F8 /* Archive.swift */,
				DE30839D1E1165D500F595F8 /* Recipe.swift */,
			);
			name = Realm;
			sourceTree = "<group>";
		};
		DE3D96101DF2C42F002C6965 /* Classes */ = {
			isa = PBXGroup;
			children = (
				DE3D96181DF2CBDE002C6965 /* Draggable */,
				DE3D96171DF2CBCF002C6965 /* Transitions */,
			);
			name = Classes;
			sourceTree = "<group>";
		};
		DE3D96111DF2C8B1002C6965 /* ViewController */ = {
			isa = PBXGroup;
			children = (
				DE11B53D1DF1BE5700EE9E75 /* ViewController.swift */,
				DEE21AFC1DF6E34300ED28B5 /* MakeReciptController.swift */,
				DEE21AFE1DF6E36900ED28B5 /* ArchiveReciptController.swift */,
				DE0F466B1DF85A1700145416 /* GalleryController.swift */,
				DE764FBC1E16BE030092E612 /* AddController.swift */,
			);
			name = ViewController;
			sourceTree = "<group>";
		};
		DE3D96141DF2CB7A002C6965 /* Storyboard */ = {
			isa = PBXGroup;
			children = (
				DE11B53F1DF1BE5700EE9E75 /* Main.storyboard */,
				DE0F46691DF8599100145416 /* Gallery.storyboard */,
				DE764FBA1E168D4B0092E612 /* Add.storyboard */,
			);
			name = Storyboard;
			sourceTree = "<group>";
		};
		DE3D96151DF2CB96002C6965 /* Components */ = {
			isa = PBXGroup;
			children = (
				DEF844931DF3A953006D8CBD /* CollectionView */,
				DE3D96161DF2CBA0002C6965 /* TableViewCell */,
			);
			name = Components;
			sourceTree = "<group>";
		};
		DE3D96161DF2CBA0002C6965 /* TableViewCell */ = {
			isa = PBXGroup;
			children = (
				DE291DDF1E16E31F008BFB30 /* TargetRecipeCell.swift */,
				DE291DE01E16E31F008BFB30 /* TargetRecipeCell.xib */,
				DE2CD32C1E1978A70098B06C /* ArchiveCell.swift */,
				DE2CD32D1E1978A70098B06C /* ArchiveCell.xib */,
			);
			name = TableViewCell;
			sourceTree = "<group>";
		};
		DE3D96171DF2CBCF002C6965 /* Transitions */ = {
			isa = PBXGroup;
			children = (
			);
			name = Transitions;
			sourceTree = "<group>";
		};
		DE3D96181DF2CBDE002C6965 /* Draggable */ = {
			isa = PBXGroup;
			children = (
			);
			name = Draggable;
			sourceTree = "<group>";
		};
		DEE21B021DF6E7C200ED28B5 /* Libs */ = {
			isa = PBXGroup;
			children = (
				DEFF332D1E0ADB0800D7F0BF /* CalculateCalendarLogic */,
			);
			name = Libs;
			sourceTree = "<group>";
		};
		DEF844931DF3A953006D8CBD /* CollectionView */ = {
			isa = PBXGroup;
			children = (
				DEFF33341E0AED1500D7F0BF /* RecipeCell.swift */,
			);
			name = CollectionView;
			sourceTree = "<group>";
		};
		DEFF332D1E0ADB0800D7F0BF /* CalculateCalendarLogic */ = {
			isa = PBXGroup;
			children = (
				DEFF332E1E0ADB6A00D7F0BF /* CalculateCalendarLogic.swift */,
			);
			name = CalculateCalendarLogic;
			sourceTree = "<group>";
		};
		DEFF33301E0ADDA700D7F0BF /* Constants */ = {
			isa = PBXGroup;
			children = (
				DEFF33321E0ADDE000D7F0BF /* CommonSetting.swift */,
				DE291DE31E16FA49008BFB30 /* WebColoerLists.swift */,
			);
			name = Constants;
			sourceTree = "<group>";
		};
/* End PBXGroup section */

/* Begin PBXNativeTarget section */
		DE11B5371DF1BE5700EE9E75 /* DraggableImageForm */ = {
			isa = PBXNativeTarget;
			buildConfigurationList = DE11B5601DF1BE5700EE9E75 /* Build configuration list for PBXNativeTarget "DraggableImageForm" */;
			buildPhases = (
				256EE9EFCA4640994649C3BF /* [CP] Check Pods Manifest.lock */,
				DE11B5341DF1BE5700EE9E75 /* Sources */,
				DE11B5351DF1BE5700EE9E75 /* Frameworks */,
				DE11B5361DF1BE5700EE9E75 /* Resources */,
				92C21D497A12C1EA5CD0441A /* [CP] Embed Pods Frameworks */,
				046978E25F54DF1442769472 /* [CP] Copy Pods Resources */,
			);
			buildRules = (
			);
			dependencies = (
			);
			name = DraggableImageForm;
			productName = DraggableImageForm;
			productReference = DE11B5381DF1BE5700EE9E75 /* DraggableImageForm.app */;
			productType = "com.apple.product-type.application";
		};
		DE11B54B1DF1BE5700EE9E75 /* DraggableImageFormTests */ = {
			isa = PBXNativeTarget;
			buildConfigurationList = DE11B5631DF1BE5700EE9E75 /* Build configuration list for PBXNativeTarget "DraggableImageFormTests" */;
			buildPhases = (
				DE11B5481DF1BE5700EE9E75 /* Sources */,
				DE11B5491DF1BE5700EE9E75 /* Frameworks */,
				DE11B54A1DF1BE5700EE9E75 /* Resources */,
			);
			buildRules = (
			);
			dependencies = (
				DE11B54E1DF1BE5700EE9E75 /* PBXTargetDependency */,
			);
			name = DraggableImageFormTests;
			productName = DraggableImageFormTests;
			productReference = DE11B54C1DF1BE5700EE9E75 /* DraggableImageFormTests.xctest */;
			productType = "com.apple.product-type.bundle.unit-test";
		};
		DE11B5561DF1BE5700EE9E75 /* DraggableImageFormUITests */ = {
			isa = PBXNativeTarget;
			buildConfigurationList = DE11B5661DF1BE5700EE9E75 /* Build configuration list for PBXNativeTarget "DraggableImageFormUITests" */;
			buildPhases = (
				DE11B5531DF1BE5700EE9E75 /* Sources */,
				DE11B5541DF1BE5700EE9E75 /* Frameworks */,
				DE11B5551DF1BE5700EE9E75 /* Resources */,
			);
			buildRules = (
			);
			dependencies = (
				DE11B5591DF1BE5700EE9E75 /* PBXTargetDependency */,
			);
			name = DraggableImageFormUITests;
			productName = DraggableImageFormUITests;
			productReference = DE11B5571DF1BE5700EE9E75 /* DraggableImageFormUITests.xctest */;
			productType = "com.apple.product-type.bundle.ui-testing";
		};
/* End PBXNativeTarget section */

/* Begin PBXProject section */
		DE11B5301DF1BE5600EE9E75 /* Project object */ = {
			isa = PBXProject;
			attributes = {
				LastSwiftUpdateCheck = 0810;
				LastUpgradeCheck = 0810;
				ORGANIZATIONNAME = just1factory;
				TargetAttributes = {
					DE11B5371DF1BE5700EE9E75 = {
						CreatedOnToolsVersion = 8.1;
						DevelopmentTeam = S5BF5553KY;
						ProvisioningStyle = Automatic;
					};
					DE11B54B1DF1BE5700EE9E75 = {
						CreatedOnToolsVersion = 8.1;
						ProvisioningStyle = Automatic;
						TestTargetID = DE11B5371DF1BE5700EE9E75;
					};
					DE11B5561DF1BE5700EE9E75 = {
						CreatedOnToolsVersion = 8.1;
						ProvisioningStyle = Automatic;
						TestTargetID = DE11B5371DF1BE5700EE9E75;
					};
				};
			};
			buildConfigurationList = DE11B5331DF1BE5600EE9E75 /* Build configuration list for PBXProject "DraggableImageForm" */;
			compatibilityVersion = "Xcode 3.2";
			developmentRegion = English;
			hasScannedForEncodings = 0;
			knownRegions = (
				en,
				Base,
			);
			mainGroup = DE11B52F1DF1BE5600EE9E75;
			productRefGroup = DE11B5391DF1BE5700EE9E75 /* Products */;
			projectDirPath = "";
			projectRoot = "";
			targets = (
				DE11B5371DF1BE5700EE9E75 /* DraggableImageForm */,
				DE11B54B1DF1BE5700EE9E75 /* DraggableImageFormTests */,
				DE11B5561DF1BE5700EE9E75 /* DraggableImageFormUITests */,
			);
		};
/* End PBXProject section */

/* Begin PBXResourcesBuildPhase section */
		DE11B5361DF1BE5700EE9E75 /* Resources */ = {
			isa = PBXResourcesBuildPhase;
			buildActionMask = 2147483647;
			files = (
				DE11B5461DF1BE5700EE9E75 /* LaunchScreen.storyboard in Resources */,
				DE0F466A1DF8599100145416 /* Gallery.storyboard in Resources */,
				DE291DE21E16E31F008BFB30 /* TargetRecipeCell.xib in Resources */,
				DE11B5431DF1BE5700EE9E75 /* Assets.xcassets in Resources */,
				DE764FBB1E168D4B0092E612 /* Add.storyboard in Resources */,
				DE11B5411DF1BE5700EE9E75 /* Main.storyboard in Resources */,
				DE2CD32F1E1978A70098B06C /* ArchiveCell.xib in Resources */,
			);
			runOnlyForDeploymentPostprocessing = 0;
		};
		DE11B54A1DF1BE5700EE9E75 /* Resources */ = {
			isa = PBXResourcesBuildPhase;
			buildActionMask = 2147483647;
			files = (
			);
			runOnlyForDeploymentPostprocessing = 0;
		};
		DE11B5551DF1BE5700EE9E75 /* Resources */ = {
			isa = PBXResourcesBuildPhase;
			buildActionMask = 2147483647;
			files = (
			);
			runOnlyForDeploymentPostprocessing = 0;
		};
/* End PBXResourcesBuildPhase section */

/* Begin PBXShellScriptBuildPhase section */
		046978E25F54DF1442769472 /* [CP] Copy Pods Resources */ = {
			isa = PBXShellScriptBuildPhase;
			buildActionMask = 2147483647;
			files = (
			);
			inputPaths = (
			);
			name = "[CP] Copy Pods Resources";
			outputPaths = (
			);
			runOnlyForDeploymentPostprocessing = 0;
			shellPath = /bin/sh;
			shellScript = "\"${SRCROOT}/Pods/Target Support Files/Pods-DraggableImageForm/Pods-DraggableImageForm-resources.sh\"\n";
			showEnvVarsInLog = 0;
		};
		256EE9EFCA4640994649C3BF /* [CP] Check Pods Manifest.lock */ = {
			isa = PBXShellScriptBuildPhase;
			buildActionMask = 2147483647;
			files = (
			);
			inputPaths = (
			);
			name = "[CP] Check Pods Manifest.lock";
			outputPaths = (
			);
			runOnlyForDeploymentPostprocessing = 0;
			shellPath = /bin/sh;
			shellScript = "diff \"${PODS_ROOT}/../Podfile.lock\" \"${PODS_ROOT}/Manifest.lock\" > /dev/null\nif [ $? != 0 ] ; then\n    # print error to STDERR\n    echo \"error: The sandbox is not in sync with the Podfile.lock. Run 'pod install' or update your CocoaPods installation.\" >&2\n    exit 1\nfi\n";
			showEnvVarsInLog = 0;
		};
		92C21D497A12C1EA5CD0441A /* [CP] Embed Pods Frameworks */ = {
			isa = PBXShellScriptBuildPhase;
			buildActionMask = 2147483647;
			files = (
			);
			inputPaths = (
			);
			name = "[CP] Embed Pods Frameworks";
			outputPaths = (
			);
			runOnlyForDeploymentPostprocessing = 0;
			shellPath = /bin/sh;
			shellScript = "\"${SRCROOT}/Pods/Target Support Files/Pods-DraggableImageForm/Pods-DraggableImageForm-frameworks.sh\"\n";
			showEnvVarsInLog = 0;
		};
/* End PBXShellScriptBuildPhase section */

/* Begin PBXSourcesBuildPhase section */
		DE11B5341DF1BE5700EE9E75 /* Sources */ = {
			isa = PBXSourcesBuildPhase;
			buildActionMask = 2147483647;
			files = (
				DE291DE11E16E31F008BFB30 /* TargetRecipeCell.swift in Sources */,
				DE1E5E7E1E0FFAEC0049E6D7 /* CalendarView.swift in Sources */,
				DEFF33331E0ADDE000D7F0BF /* CommonSetting.swift in Sources */,
				DE35F2D81E13F67000117202 /* CategoryList.swift in Sources */,
				DE291DE41E16FA49008BFB30 /* WebColoerLists.swift in Sources */,
				DE30839C1E1165B800F595F8 /* Archive.swift in Sources */,
				DE30839E1E1165D500F595F8 /* Recipe.swift in Sources */,
				DE764FBD1E16BE030092E612 /* AddController.swift in Sources */,
				DE291DE81E1702EC008BFB30 /* DateConverter.swift in Sources */,
				DEE21AFD1DF6E34300ED28B5 /* MakeReciptController.swift in Sources */,
				DE291DE61E16FCF3008BFB30 /* ColorConverter.swift in Sources */,
				DE0F466C1DF85A1700145416 /* GalleryController.swift in Sources */,
				DE35AD651E138A4D0032C4B5 /* APIManager.swift in Sources */,
				DEE21AFF1DF6E36900ED28B5 /* ArchiveReciptController.swift in Sources */,
				DEFF33351E0AED1600D7F0BF /* RecipeCell.swift in Sources */,
				DE11B53E1DF1BE5700EE9E75 /* ViewController.swift in Sources */,
				DEFF332F1E0ADB6A00D7F0BF /* CalculateCalendarLogic.swift in Sources */,
				DE055BF51E178DBC00914CF5 /* DeviceSize.swift in Sources */,
				DE11B53C1DF1BE5700EE9E75 /* AppDelegate.swift in Sources */,
				DE2CD32E1E1978A70098B06C /* ArchiveCell.swift in Sources */,
			);
			runOnlyForDeploymentPostprocessing = 0;
		};
		DE11B5481DF1BE5700EE9E75 /* Sources */ = {
			isa = PBXSourcesBuildPhase;
			buildActionMask = 2147483647;
			files = (
				DE11B5511DF1BE5700EE9E75 /* DraggableImageFormTests.swift in Sources */,
			);
			runOnlyForDeploymentPostprocessing = 0;
		};
		DE11B5531DF1BE5700EE9E75 /* Sources */ = {
			isa = PBXSourcesBuildPhase;
			buildActionMask = 2147483647;
			files = (
				DE11B55C1DF1BE5700EE9E75 /* DraggableImageFormUITests.swift in Sources */,
			);
			runOnlyForDeploymentPostprocessing = 0;
		};
/* End PBXSourcesBuildPhase section */

/* Begin PBXTargetDependency section */
		DE11B54E1DF1BE5700EE9E75 /* PBXTargetDependency */ = {
			isa = PBXTargetDependency;
			target = DE11B5371DF1BE5700EE9E75 /* DraggableImageForm */;
			targetProxy = DE11B54D1DF1BE5700EE9E75 /* PBXContainerItemProxy */;
		};
		DE11B5591DF1BE5700EE9E75 /* PBXTargetDependency */ = {
			isa = PBXTargetDependency;
			target = DE11B5371DF1BE5700EE9E75 /* DraggableImageForm */;
			targetProxy = DE11B5581DF1BE5700EE9E75 /* PBXContainerItemProxy */;
		};
/* End PBXTargetDependency section */

/* Begin PBXVariantGroup section */
		DE11B53F1DF1BE5700EE9E75 /* Main.storyboard */ = {
			isa = PBXVariantGroup;
			children = (
				DE11B5401DF1BE5700EE9E75 /* Base */,
			);
			name = Main.storyboard;
			sourceTree = "<group>";
		};
		DE11B5441DF1BE5700EE9E75 /* LaunchScreen.storyboard */ = {
			isa = PBXVariantGroup;
			children = (
				DE11B5451DF1BE5700EE9E75 /* Base */,
			);
			name = LaunchScreen.storyboard;
			sourceTree = "<group>";
		};
/* End PBXVariantGroup section */

/* Begin XCBuildConfiguration section */
		DE11B55E1DF1BE5700EE9E75 /* Debug */ = {
			isa = XCBuildConfiguration;
			buildSettings = {
				ALWAYS_SEARCH_USER_PATHS = NO;
				CLANG_ANALYZER_NONNULL = YES;
				CLANG_CXX_LANGUAGE_STANDARD = "gnu++0x";
				CLANG_CXX_LIBRARY = "libc++";
				CLANG_ENABLE_MODULES = YES;
				CLANG_ENABLE_OBJC_ARC = YES;
				CLANG_WARN_BOOL_CONVERSION = YES;
				CLANG_WARN_CONSTANT_CONVERSION = YES;
				CLANG_WARN_DIRECT_OBJC_ISA_USAGE = YES_ERROR;
				CLANG_WARN_DOCUMENTATION_COMMENTS = YES;
				CLANG_WARN_EMPTY_BODY = YES;
				CLANG_WARN_ENUM_CONVERSION = YES;
				CLANG_WARN_INFINITE_RECURSION = YES;
				CLANG_WARN_INT_CONVERSION = YES;
				CLANG_WARN_OBJC_ROOT_CLASS = YES_ERROR;
				CLANG_WARN_SUSPICIOUS_MOVES = YES;
				CLANG_WARN_UNREACHABLE_CODE = YES;
				CLANG_WARN__DUPLICATE_METHOD_MATCH = YES;
				"CODE_SIGN_IDENTITY[sdk=iphoneos*]" = "iPhone Developer";
				COPY_PHASE_STRIP = NO;
				DEBUG_INFORMATION_FORMAT = dwarf;
				ENABLE_STRICT_OBJC_MSGSEND = YES;
				ENABLE_TESTABILITY = YES;
				GCC_C_LANGUAGE_STANDARD = gnu99;
				GCC_DYNAMIC_NO_PIC = NO;
				GCC_NO_COMMON_BLOCKS = YES;
				GCC_OPTIMIZATION_LEVEL = 0;
				GCC_PREPROCESSOR_DEFINITIONS = (
					"DEBUG=1",
					"$(inherited)",
				);
				GCC_WARN_64_TO_32_BIT_CONVERSION = YES;
				GCC_WARN_ABOUT_RETURN_TYPE = YES_ERROR;
				GCC_WARN_UNDECLARED_SELECTOR = YES;
				GCC_WARN_UNINITIALIZED_AUTOS = YES_AGGRESSIVE;
				GCC_WARN_UNUSED_FUNCTION = YES;
				GCC_WARN_UNUSED_VARIABLE = YES;
				IPHONEOS_DEPLOYMENT_TARGET = 10.1;
				MTL_ENABLE_DEBUG_INFO = YES;
				ONLY_ACTIVE_ARCH = YES;
				"OTHER_SWIFT_FLAGS[arch=*]" = "-Xfrontend -debug-time-function-bodies";
				SDKROOT = iphoneos;
				SWIFT_ACTIVE_COMPILATION_CONDITIONS = DEBUG;
				SWIFT_OPTIMIZATION_LEVEL = "-Onone";
			};
			name = Debug;
		};
		DE11B55F1DF1BE5700EE9E75 /* Release */ = {
			isa = XCBuildConfiguration;
			buildSettings = {
				ALWAYS_SEARCH_USER_PATHS = NO;
				CLANG_ANALYZER_NONNULL = YES;
				CLANG_CXX_LANGUAGE_STANDARD = "gnu++0x";
				CLANG_CXX_LIBRARY = "libc++";
				CLANG_ENABLE_MODULES = YES;
				CLANG_ENABLE_OBJC_ARC = YES;
				CLANG_WARN_BOOL_CONVERSION = YES;
				CLANG_WARN_CONSTANT_CONVERSION = YES;
				CLANG_WARN_DIRECT_OBJC_ISA_USAGE = YES_ERROR;
				CLANG_WARN_DOCUMENTATION_COMMENTS = YES;
				CLANG_WARN_EMPTY_BODY = YES;
				CLANG_WARN_ENUM_CONVERSION = YES;
				CLANG_WARN_INFINITE_RECURSION = YES;
				CLANG_WARN_INT_CONVERSION = YES;
				CLANG_WARN_OBJC_ROOT_CLASS = YES_ERROR;
				CLANG_WARN_SUSPICIOUS_MOVES = YES;
				CLANG_WARN_UNREACHABLE_CODE = YES;
				CLANG_WARN__DUPLICATE_METHOD_MATCH = YES;
				"CODE_SIGN_IDENTITY[sdk=iphoneos*]" = "iPhone Developer";
				COPY_PHASE_STRIP = NO;
				DEBUG_INFORMATION_FORMAT = "dwarf-with-dsym";
				ENABLE_NS_ASSERTIONS = NO;
				ENABLE_STRICT_OBJC_MSGSEND = YES;
				GCC_C_LANGUAGE_STANDARD = gnu99;
				GCC_NO_COMMON_BLOCKS = YES;
				GCC_WARN_64_TO_32_BIT_CONVERSION = YES;
				GCC_WARN_ABOUT_RETURN_TYPE = YES_ERROR;
				GCC_WARN_UNDECLARED_SELECTOR = YES;
				GCC_WARN_UNINITIALIZED_AUTOS = YES_AGGRESSIVE;
				GCC_WARN_UNUSED_FUNCTION = YES;
				GCC_WARN_UNUSED_VARIABLE = YES;
				IPHONEOS_DEPLOYMENT_TARGET = 10.1;
				MTL_ENABLE_DEBUG_INFO = NO;
				"OTHER_SWIFT_FLAGS[arch=*]" = "-Xfrontend -debug-time-function-bodies";
				SDKROOT = iphoneos;
				SWIFT_OPTIMIZATION_LEVEL = "-Owholemodule";
				VALIDATE_PRODUCT = YES;
			};
			name = Release;
		};
		DE11B5611DF1BE5700EE9E75 /* Debug */ = {
			isa = XCBuildConfiguration;
			baseConfigurationReference = 8F2DA21F883CF9BF1544E48C /* Pods-DraggableImageForm.debug.xcconfig */;
			buildSettings = {
				ASSETCATALOG_COMPILER_APPICON_NAME = AppIcon;
				DEVELOPMENT_TEAM = S5BF5553KY;
				INFOPLIST_FILE = DraggableImageForm/Info.plist;
				LD_RUNPATH_SEARCH_PATHS = "$(inherited) @executable_path/Frameworks";
				PRODUCT_BUNDLE_IDENTIFIER = net.just1factory.DraggableImageForm;
				PRODUCT_NAME = "$(TARGET_NAME)";
				SWIFT_VERSION = 3.0;
			};
			name = Debug;
		};
		DE11B5621DF1BE5700EE9E75 /* Release */ = {
			isa = XCBuildConfiguration;
			baseConfigurationReference = 920496E9693AD2CD3B94706F /* Pods-DraggableImageForm.release.xcconfig */;
			buildSettings = {
				ASSETCATALOG_COMPILER_APPICON_NAME = AppIcon;
				DEVELOPMENT_TEAM = S5BF5553KY;
				INFOPLIST_FILE = DraggableImageForm/Info.plist;
				LD_RUNPATH_SEARCH_PATHS = "$(inherited) @executable_path/Frameworks";
				PRODUCT_BUNDLE_IDENTIFIER = net.just1factory.DraggableImageForm;
				PRODUCT_NAME = "$(TARGET_NAME)";
				SWIFT_VERSION = 3.0;
			};
			name = Release;
		};
		DE11B5641DF1BE5700EE9E75 /* Debug */ = {
			isa = XCBuildConfiguration;
			buildSettings = {
				ALWAYS_EMBED_SWIFT_STANDARD_LIBRARIES = YES;
				BUNDLE_LOADER = "$(TEST_HOST)";
				INFOPLIST_FILE = DraggableImageFormTests/Info.plist;
				LD_RUNPATH_SEARCH_PATHS = "$(inherited) @executable_path/Frameworks @loader_path/Frameworks";
				PRODUCT_BUNDLE_IDENTIFIER = net.just1factory.DraggableImageFormTests;
				PRODUCT_NAME = "$(TARGET_NAME)";
				SWIFT_VERSION = 3.0;
				TEST_HOST = "$(BUILT_PRODUCTS_DIR)/DraggableImageForm.app/DraggableImageForm";
			};
			name = Debug;
		};
		DE11B5651DF1BE5700EE9E75 /* Release */ = {
			isa = XCBuildConfiguration;
			buildSettings = {
				ALWAYS_EMBED_SWIFT_STANDARD_LIBRARIES = YES;
				BUNDLE_LOADER = "$(TEST_HOST)";
				INFOPLIST_FILE = DraggableImageFormTests/Info.plist;
				LD_RUNPATH_SEARCH_PATHS = "$(inherited) @executable_path/Frameworks @loader_path/Frameworks";
				PRODUCT_BUNDLE_IDENTIFIER = net.just1factory.DraggableImageFormTests;
				PRODUCT_NAME = "$(TARGET_NAME)";
				SWIFT_VERSION = 3.0;
				TEST_HOST = "$(BUILT_PRODUCTS_DIR)/DraggableImageForm.app/DraggableImageForm";
			};
			name = Release;
		};
		DE11B5671DF1BE5700EE9E75 /* Debug */ = {
			isa = XCBuildConfiguration;
			buildSettings = {
				ALWAYS_EMBED_SWIFT_STANDARD_LIBRARIES = YES;
				INFOPLIST_FILE = DraggableImageFormUITests/Info.plist;
				LD_RUNPATH_SEARCH_PATHS = "$(inherited) @executable_path/Frameworks @loader_path/Frameworks";
				PRODUCT_BUNDLE_IDENTIFIER = net.just1factory.DraggableImageFormUITests;
				PRODUCT_NAME = "$(TARGET_NAME)";
				SWIFT_VERSION = 3.0;
				TEST_TARGET_NAME = DraggableImageForm;
			};
			name = Debug;
		};
		DE11B5681DF1BE5700EE9E75 /* Release */ = {
			isa = XCBuildConfiguration;
			buildSettings = {
				ALWAYS_EMBED_SWIFT_STANDARD_LIBRARIES = YES;
				INFOPLIST_FILE = DraggableImageFormUITests/Info.plist;
				LD_RUNPATH_SEARCH_PATHS = "$(inherited) @executable_path/Frameworks @loader_path/Frameworks";
				PRODUCT_BUNDLE_IDENTIFIER = net.just1factory.DraggableImageFormUITests;
				PRODUCT_NAME = "$(TARGET_NAME)";
				SWIFT_VERSION = 3.0;
				TEST_TARGET_NAME = DraggableImageForm;
			};
			name = Release;
		};
/* End XCBuildConfiguration section */

/* Begin XCConfigurationList section */
		DE11B5331DF1BE5600EE9E75 /* Build configuration list for PBXProject "DraggableImageForm" */ = {
			isa = XCConfigurationList;
			buildConfigurations = (
				DE11B55E1DF1BE5700EE9E75 /* Debug */,
				DE11B55F1DF1BE5700EE9E75 /* Release */,
			);
			defaultConfigurationIsVisible = 0;
			defaultConfigurationName = Release;
		};
		DE11B5601DF1BE5700EE9E75 /* Build configuration list for PBXNativeTarget "DraggableImageForm" */ = {
			isa = XCConfigurationList;
			buildConfigurations = (
				DE11B5611DF1BE5700EE9E75 /* Debug */,
				DE11B5621DF1BE5700EE9E75 /* Release */,
			);
			defaultConfigurationIsVisible = 0;
			defaultConfigurationName = Release;
		};
		DE11B5631DF1BE5700EE9E75 /* Build configuration list for PBXNativeTarget "DraggableImageFormTests" */ = {
			isa = XCConfigurationList;
			buildConfigurations = (
				DE11B5641DF1BE5700EE9E75 /* Debug */,
				DE11B5651DF1BE5700EE9E75 /* Release */,
			);
			defaultConfigurationIsVisible = 0;
			defaultConfigurationName = Release;
		};
		DE11B5661DF1BE5700EE9E75 /* Build configuration list for PBXNativeTarget "DraggableImageFormUITests" */ = {
			isa = XCConfigurationList;
			buildConfigurations = (
				DE11B5671DF1BE5700EE9E75 /* Debug */,
				DE11B5681DF1BE5700EE9E75 /* Release */,
			);
			defaultConfigurationIsVisible = 0;
			defaultConfigurationName = Release;
		};
/* End XCConfigurationList section */
	};
	rootObject = DE11B5301DF1BE5600EE9E75 /* Project object */;
}
